
Microsoft Visual Studio Solution File, Format Version 12.00
# Visual Studio 15
VisualStudioVersion = 15.0.27703.2000
MinimumVisualStudioVersion = 10.0.40219.1
Project("{FAE04EC0-301F-11D3-BF4B-00C04F79EFBC}") = "Portal Academico.Android", "Portal Academico\Portal Academico.Android\Portal Academico.Android.csproj", "{742D1D7B-3C73-4438-ACAA-AEADCCD53FD2}"
EndProject
Project("{FAE04EC0-301F-11D3-BF4B-00C04F79EFBC}") = "Portal Academico.iOS", "Portal Academico\Portal Academico.iOS\Portal Academico.iOS.csproj", "{F319892E-D3D0-4FA2-BB66-ECFA5D55F07F}"
EndProject
Project("{FAE04EC0-301F-11D3-BF4B-00C04F79EFBC}") = "Portal Academico", "Portal Academico\Portal Academico\Portal Academico.csproj", "{6700BEE7-F188-4E24-934F-67786BA934BD}"
EndProject
Global
	GlobalSection(SolutionConfigurationPlatforms) = preSolution
		Ad-Hoc|Any CPU = Ad-Hoc|Any CPU
		Ad-Hoc|iPhone = Ad-Hoc|iPhone
		Ad-Hoc|iPhoneSimulator = Ad-Hoc|iPhoneSimulator
		AppStore|Any CPU = AppStore|Any CPU
		AppStore|iPhone = AppStore|iPhone
		AppStore|iPhoneSimulator = AppStore|iPhoneSimulator
		Debug|Any CPU = Debug|Any CPU
		Debug|iPhone = Debug|iPhone
		Debug|iPhoneSimulator = Debug|iPhoneSimulator
		Release|Any CPU = Release|Any CPU
		Release|iPhone = Release|iPhone
		Release|iPhoneSimulator = Release|iPhoneSimulator
	EndGlobalSection
	GlobalSection(ProjectConfigurationPlatforms) = postSolution
		{742D1D7B-3C73-4438-ACAA-AEADCCD53FD2}.Ad-Hoc|Any CPU.ActiveCfg = Release|Any CPU
		{742D1D7B-3C73-4438-ACAA-AEADCCD53FD2}.Ad-Hoc|Any CPU.Build.0 = Release|Any CPU
		{742D1D7B-3C73-4438-ACAA-AEADCCD53FD2}.Ad-Hoc|Any CPU.Deploy.0 = Release|Any CPU
		{742D1D7B-3C73-4438-ACAA-AEADCCD53FD2}.Ad-Hoc|iPhone.ActiveCfg = Release|Any CPU
		{742D1D7B-3C73-4438-ACAA-AEADCCD53FD2}.Ad-Hoc|iPhone.Build.0 = Release|Any CPU
		{742D1D7B-3C73-4438-ACAA-AEADCCD53FD2}.Ad-Hoc|iPhone.Deploy.0 = Release|Any CPU
		{742D1D7B-3C73-4438-ACAA-AEADCCD53FD2}.Ad-Hoc|iPhoneSimulator.ActiveCfg = Release|Any CPU
		{742D1D7B-3C73-4438-ACAA-AEADCCD53FD2}.Ad-Hoc|iPhoneSimulator.Build.0 = Release|Any CPU
		{742D1D7B-3C73-4438-ACAA-AEADCCD53FD2}.Ad-Hoc|iPhoneSimulator.Deploy.0 = Release|Any CPU
		{742D1D7B-3C73-4438-ACAA-AEADCCD53FD2}.AppStore|Any CPU.ActiveCfg = Release|Any CPU
		{742D1D7B-3C73-4438-ACAA-AEADCCD53FD2}.AppStore|Any CPU.Build.0 = Release|Any CPU
		{742D1D7B-3C73-4438-ACAA-AEADCCD53FD2}.AppStore|Any CPU.Deploy.0 = Release|Any CPU
		{742D1D7B-3C73-4438-ACAA-AEADCCD53FD2}.AppStore|iPhone.ActiveCfg = Release|Any CPU
		{742D1D7B-3C73-4438-ACAA-AEADCCD53FD2}.AppStore|iPhone.Build.0 = Release|Any CPU
		{742D1D7B-3C73-4438-ACAA-AEADCCD53FD2}.AppStore|iPhone.Deploy.0 = Release|Any CPU
		{742D1D7B-3C73-4438-ACAA-AEADCCD53FD2}.AppStore|iPhoneSimulator.ActiveCfg = Release|Any CPU
		{742D1D7B-3C73-4438-ACAA-AEADCCD53FD2}.AppStore|iPhoneSimulator.Build.0 = Release|Any CPU
		{742D1D7B-3C73-4438-ACAA-AEADCCD53FD2}.AppStore|iPhoneSimulator.Deploy.0 = Release|Any CPU
		{742D1D7B-3C73-4438-ACAA-AEADCCD53FD2}.Debug|Any CPU.ActiveCfg = Debug|Any CPU
		{742D1D7B-3C73-4438-ACAA-AEADCCD53FD2}.Debug|Any CPU.Build.0 = Debug|Any CPU
		{742D1D7B-3C73-4438-ACAA-AEADCCD53FD2}.Debug|Any CPU.Deploy.0 = Debug|Any CPU
		{742D1D7B-3C73-4438-ACAA-AEADCCD53FD2}.Debug|iPhone.ActiveCfg = Debug|Any CPU
		{742D1D7B-3C73-4438-ACAA-AEADCCD53FD2}.Debug|iPhone.Build.0 = Debug|Any CPU
		{742D1D7B-3C73-4438-ACAA-AEADCCD53FD2}.Debug|iPhone.Deploy.0 = Debug|Any CPU
		{742D1D7B-3C73-4438-ACAA-AEADCCD53FD2}.Debug|iPhoneSimulator.ActiveCfg = Debug|Any CPU
		{742D1D7B-3C73-4438-ACAA-AEADCCD53FD2}.Debug|iPhoneSimulator.Build.0 = Debug|Any CPU
		{742D1D7B-3C73-4438-ACAA-AEADCCD53FD2}.Debug|iPhoneSimulator.Deploy.0 = Debug|Any CPU
		{742D1D7B-3C73-4438-ACAA-AEADCCD53FD2}.Release|Any CPU.ActiveCfg = Release|Any CPU
		{742D1D7B-3C73-4438-ACAA-AEADCCD53FD2}.Release|Any CPU.Build.0 = Release|Any CPU
		{742D1D7B-3C73-4438-ACAA-AEADCCD53FD2}.Release|Any CPU.Deploy.0 = Release|Any CPU
		{742D1D7B-3C73-4438-ACAA-AEADCCD53FD2}.Release|iPhone.ActiveCfg = Release|Any CPU
		{742D1D7B-3C73-4438-ACAA-AEADCCD53FD2}.Release|iPhone.Build.0 = Release|Any CPU
		{742D1D7B-3C73-4438-ACAA-AEADCCD53FD2}.Release|iPhone.Deploy.0 = Release|Any CPU
		{742D1D7B-3C73-4438-ACAA-AEADCCD53FD2}.Release|iPhoneSimulator.ActiveCfg = Release|Any CPU
		{742D1D7B-3C73-4438-ACAA-AEADCCD53FD2}.Release|iPhoneSimulator.Build.0 = Release|Any CPU
		{742D1D7B-3C73-4438-ACAA-AEADCCD53FD2}.Release|iPhoneSimulator.Deploy.0 = Release|Any CPU
		{F319892E-D3D0-4FA2-BB66-ECFA5D55F07F}.Ad-Hoc|Any CPU.ActiveCfg = Ad-Hoc|iPhone
		{F319892E-D3D0-4FA2-BB66-ECFA5D55F07F}.Ad-Hoc|Any CPU.Build.0 = Ad-Hoc|iPhone
		{F319892E-D3D0-4FA2-BB66-ECFA5D55F07F}.Ad-Hoc|Any CPU.Deploy.0 = Ad-Hoc|iPhone
		{F319892E-D3D0-4FA2-BB66-ECFA5D55F07F}.Ad-Hoc|iPhone.ActiveCfg = Ad-Hoc|iPhone
		{F319892E-D3D0-4FA2-BB66-ECFA5D55F07F}.Ad-Hoc|iPhone.Build.0 = Ad-Hoc|iPhone
		{F319892E-D3D0-4FA2-BB66-ECFA5D55F07F}.Ad-Hoc|iPhone.Deploy.0 = Ad-Hoc|iPhone
		{F319892E-D3D0-4FA2-BB66-ECFA5D55F07F}.Ad-Hoc|iPhoneSimulator.ActiveCfg = Ad-Hoc|iPhoneSimulator
		{F319892E-D3D0-4FA2-BB66-ECFA5D55F07F}.Ad-Hoc|iPhoneSimulator.Build.0 = Ad-Hoc|iPhoneSimulator
		{F319892E-D3D0-4FA2-BB66-ECFA5D55F07F}.Ad-Hoc|iPhoneSimulator.Deploy.0 = Ad-Hoc|iPhoneSimulator
		{F319892E-D3D0-4FA2-BB66-ECFA5D55F07F}.AppStore|Any CPU.ActiveCfg = AppStore|iPhone
		{F319892E-D3D0-4FA2-BB66-ECFA5D55F07F}.AppStore|Any CPU.Build.0 = AppStore|iPhone
		{F319892E-D3D0-4FA2-BB66-ECFA5D55F07F}.AppStore|Any CPU.Deploy.0 = AppStore|iPhone
		{F319892E-D3D0-4FA2-BB66-ECFA5D55F07F}.AppStore|iPhone.ActiveCfg = AppStore|iPhone
		{F319892E-D3D0-4FA2-BB66-ECFA5D55F07F}.AppStore|iPhone.Build.0 = AppStore|iPhone
		{F319892E-D3D0-4FA2-BB66-ECFA5D55F07F}.AppStore|iPhone.Deploy.0 = AppStore|iPhone
		{F319892E-D3D0-4FA2-BB66-ECFA5D55F07F}.AppStore|iPhoneSimulator.ActiveCfg = AppStore|iPhoneSimulator
		{F319892E-D3D0-4FA2-BB66-ECFA5D55F07F}.AppStore|iPhoneSimulator.Build.0 = AppStore|iPhoneSimulator
		{F319892E-D3D0-4FA2-BB66-ECFA5D55F07F}.AppStore|iPhoneSimulator.Deploy.0 = AppStore|iPhoneSimulator
		{F319892E-D3D0-4FA2-BB66-ECFA5D55F07F}.Debug|Any CPU.ActiveCfg = Debug|iPhoneSimulator
		{F319892E-D3D0-4FA2-BB66-ECFA5D55F07F}.Debug|Any CPU.Build.0 = Debug|iPhoneSimulator
		{F319892E-D3D0-4FA2-BB66-ECFA5D55F07F}.Debug|Any CPU.Deploy.0 = Debug|iPhoneSimulator
		{F319892E-D3D0-4FA2-BB66-ECFA5D55F07F}.Debug|iPhone.ActiveCfg = Debug|iPhone
		{F319892E-D3D0-4FA2-BB66-ECFA5D55F07F}.Debug|iPhone.Build.0 = Debug|iPhone
		{F319892E-D3D0-4FA2-BB66-ECFA5D55F07F}.Debug|iPhone.Deploy.0 = Debug|iPhone
		{F319892E-D3D0-4FA2-BB66-ECFA5D55F07F}.Debug|iPhoneSimulator.ActiveCfg = Debug|iPhoneSimulator
		{F319892E-D3D0-4FA2-BB66-ECFA5D55F07F}.Debug|iPhoneSimulator.Build.0 = Debug|iPhoneSimulator
		{F319892E-D3D0-4FA2-BB66-ECFA5D55F07F}.Debug|iPhoneSimulator.Deploy.0 = Debug|iPhoneSimulator
		{F319892E-D3D0-4FA2-BB66-ECFA5D55F07F}.Release|Any CPU.ActiveCfg = Release|iPhone
		{F319892E-D3D0-4FA2-BB66-ECFA5D55F07F}.Release|Any CPU.Build.0 = Release|iPhone
		{F319892E-D3D0-4FA2-BB66-ECFA5D55F07F}.Release|Any CPU.Deploy.0 = Release|iPhone
		{F319892E-D3D0-4FA2-BB66-ECFA5D55F07F}.Release|iPhone.ActiveCfg = Release|iPhone
		{F319892E-D3D0-4FA2-BB66-ECFA5D55F07F}.Release|iPhone.Build.0 = Release|iPhone
		{F319892E-D3D0-4FA2-BB66-ECFA5D55F07F}.Release|iPhone.Deploy.0 = Release|iPhone
		{F319892E-D3D0-4FA2-BB66-ECFA5D55F07F}.Release|iPhoneSimulator.ActiveCfg = Release|iPhoneSimulator
		{F319892E-D3D0-4FA2-BB66-ECFA5D55F07F}.Release|iPhoneSimulator.Build.0 = Release|iPhoneSimulator
		{F319892E-D3D0-4FA2-BB66-ECFA5D55F07F}.Release|iPhoneSimulator.Deploy.0 = Release|iPhoneSimulator
		{6700BEE7-F188-4E24-934F-67786BA934BD}.Ad-Hoc|Any CPU.ActiveCfg = Debug|Any CPU
		{6700BEE7-F188-4E24-934F-67786BA934BD}.Ad-Hoc|Any CPU.Build.0 = Debug|Any CPU
		{6700BEE7-F188-4E24-934F-67786BA934BD}.Ad-Hoc|Any CPU.Deploy.0 = Debug|Any CPU
		{6700BEE7-F188-4E24-934F-67786BA934BD}.Ad-Hoc|iPhone.ActiveCfg = Debug|Any CPU
		{6700BEE7-F188-4E24-934F-67786BA934BD}.Ad-Hoc|iPhone.Build.0 = Debug|Any CPU
		{6700BEE7-F188-4E24-934F-67786BA934BD}.Ad-Hoc|iPhone.Deploy.0 = Debug|Any CPU
		{6700BEE7-F188-4E24-934F-67786BA934BD}.Ad-Hoc|iPhoneSimulator.ActiveCfg = Debug|Any CPU
		{6700BEE7-F188-4E24-934F-67786BA934BD}.Ad-Hoc|iPhoneSimulator.Build.0 = Debug|Any CPU
		{6700BEE7-F188-4E24-934F-67786BA934BD}.Ad-Hoc|iPhoneSimulator.Deploy.0 = Debug|Any CPU
		{6700BEE7-F188-4E24-934F-67786BA934BD}.AppStore|Any CPU.ActiveCfg = Debug|Any CPU
		{6700BEE7-F188-4E24-934F-67786BA934BD}.AppStore|Any CPU.Build.0 = Debug|Any CPU
		{6700BEE7-F188-4E24-934F-67786BA934BD}.AppStore|Any CPU.Deploy.0 = Debug|Any CPU
		{6700BEE7-F188-4E24-934F-67786BA934BD}.AppStore|iPhone.ActiveCfg = Debug|Any CPU
		{6700BEE7-F188-4E24-934F-67786BA934BD}.AppStore|iPhone.Build.0 = Debug|Any CPU
		{6700BEE7-F188-4E24-934F-67786BA934BD}.AppStore|iPhone.Deploy.0 = Debug|Any CPU
		{6700BEE7-F188-4E24-934F-67786BA934BD}.AppStore|iPhoneSimulator.ActiveCfg = Debug|Any CPU
		{6700BEE7-F188-4E24-934F-67786BA934BD}.AppStore|iPhoneSimulator.Build.0 = Debug|Any CPU
		{6700BEE7-F188-4E24-934F-67786BA934BD}.AppStore|iPhoneSimulator.Deploy.0 = Debug|Any CPU
		{6700BEE7-F188-4E24-934F-67786BA934BD}.Debug|Any CPU.ActiveCfg = Debug|Any CPU
		{6700BEE7-F188-4E24-934F-67786BA934BD}.Debug|Any CPU.Build.0 = Debug|Any CPU
		{6700BEE7-F188-4E24-934F-67786BA934BD}.Debug|Any CPU.Deploy.0 = Debug|Any CPU
		{6700BEE7-F188-4E24-934F-67786BA934BD}.Debug|iPhone.ActiveCfg = Debug|Any CPU
		{6700BEE7-F188-4E24-934F-67786BA934BD}.Debug|iPhone.Build.0 = Debug|Any CPU
		{6700BEE7-F188-4E24-934F-67786BA934BD}.Debug|iPhone.Deploy.0 = Debug|Any CPU
		{6700BEE7-F188-4E24-934F-67786BA934BD}.Debug|iPhoneSimulator.ActiveCfg = Debug|Any CPU
		{6700BEE7-F188-4E24-934F-67786BA934BD}.Debug|iPhoneSimulator.Build.0 = Debug|Any CPU
		{6700BEE7-F188-4E24-934F-67786BA934BD}.Debug|iPhoneSimulator.Deploy.0 = Debug|Any CPU
		{6700BEE7-F188-4E24-934F-67786BA934BD}.Release|Any CPU.ActiveCfg = Release|Any CPU
		{6700BEE7-F188-4E24-934F-67786BA934BD}.Release|Any CPU.Build.0 = Release|Any CPU
		{6700BEE7-F188-4E24-934F-67786BA934BD}.Release|Any CPU.Deploy.0 = Release|Any CPU
		{6700BEE7-F188-4E24-934F-67786BA934BD}.Release|iPhone.ActiveCfg = Release|Any CPU
		{6700BEE7-F188-4E24-934F-67786BA934BD}.Release|iPhone.Build.0 = Release|Any CPU
		{6700BEE7-F188-4E24-934F-67786BA934BD}.Release|iPhone.Deploy.0 = Release|Any CPU
		{6700BEE7-F188-4E24-934F-67786BA934BD}.Release|iPhoneSimulator.ActiveCfg = Release|Any CPU
		{6700BEE7-F188-4E24-934F-67786BA934BD}.Release|iPhoneSimulator.Build.0 = Release|Any CPU
		{6700BEE7-F188-4E24-934F-67786BA934BD}.Release|iPhoneSimulator.Deploy.0 = Release|Any CPU
	EndGlobalSection
	GlobalSection(SolutionProperties) = preSolution
		HideSolutionNode = FALSE
	EndGlobalSection
	GlobalSection(ExtensibilityGlobals) = postSolution
		SolutionGuid = {A9237282-A251-4AC7-A607-DCE85D7C233E}
	EndGlobalSection
EndGlobal
